{
  "name": "websplider",
  "version": "1.2.1",
  "lockfileVersion": 1,
  "requires": true,
  "dependencies": {
    "@types/node": {
      "version": "10.3.3",
      "resolved": "https://registry.npmjs.org/@types/node/-/node-10.3.3.tgz",
      "integrity": "sha512-/gwCgiI2e9RzzZTKbl+am3vgNqOt7a9fJ/uxv4SqYKxenoEDNVU3KZEadlpusWhQI0A0dOrZ0T68JYKVjzmgdQ=="
    },
    "accepts": {
      "version": "1.3.5",
      "resolved": "https://registry.npmjs.org/accepts/-/accepts-1.3.5.tgz",
      "integrity": "sha1-63d99gEXI6OxTopywIBcjoZ0a9I=",
      "requires": {
        "mime-types": "~2.1.18",
        "negotiator": "0.6.1"
      }
    },
    "agent-base": {
      "version": "4.2.0",
      "resolved": "https://registry.npmjs.org/agent-base/-/agent-base-4.2.0.tgz",
      "integrity": "sha512-c+R/U5X+2zz2+UCrCFv6odQzJdoqI+YecuhnAJLa1zYaMc13zPfwMwZrr91Pd1DYNo/yPRbiM4WVf9whgwFsIg==",
      "requires": {
        "es6-promisify": "^5.0.0"
      }
    },
    "any-promise": {
      "version": "1.3.0",
      "resolved": "https://registry.npmjs.org/any-promise/-/any-promise-1.3.0.tgz",
      "integrity": "sha1-q8av7tzqUugJzcA3au0845Y10X8="
    },
    "ast-types": {
      "version": "0.11.5",
      "resolved": "https://registry.npmjs.org/ast-types/-/ast-types-0.11.5.tgz",
      "integrity": "sha512-oJjo+5e7/vEc2FBK8gUalV0pba4L3VdBIs2EKhOLHLcOd2FgQIVQN9xb0eZ9IjEWyAL7vq6fGJxOvVvdCHNyMw=="
    },
    "async": {
      "version": "2.6.1",
      "resolved": "https://registry.npmjs.org/async/-/async-2.6.1.tgz",
      "integrity": "sha512-fNEiL2+AZt6AlAw/29Cr0UDe4sRAHCpEHh54WMz+Bb7QfNcFw4h3loofyJpLeQs4Yx7yuqu/2dLgM5hKOs6HlQ==",
      "requires": {
        "lodash": "^4.17.10"
      }
    },
    "asynckit": {
      "version": "0.4.0",
      "resolved": "https://registry.npmjs.org/asynckit/-/asynckit-0.4.0.tgz",
      "integrity": "sha1-x57Zf380y48robyXkLzDZkdLS3k="
    },
    "axios": {
      "version": "0.18.0",
      "resolved": "http://registry.npm.taobao.org/axios/download/axios-0.18.0.tgz",
      "integrity": "sha1-MtU+SFHv3AoRmTts0AB4nXDAUQI=",
      "requires": {
        "follow-redirects": "^1.3.0",
        "is-buffer": "^1.1.5"
      }
    },
    "boolbase": {
      "version": "1.0.0",
      "resolved": "https://registry.npmjs.org/boolbase/-/boolbase-1.0.0.tgz",
      "integrity": "sha1-aN/1++YMUes3cl6p4+0xDcwed24="
    },
    "bson": {
      "version": "1.0.9",
      "resolved": "https://registry.npmjs.org/bson/-/bson-1.0.9.tgz",
      "integrity": "sha512-IQX9/h7WdMBIW/q/++tGd+emQr0XMdeZ6icnT/74Xk9fnabWn+gZgpE+9V+gujL3hhJOoNrnDVY7tWdzc7NUTg=="
    },
    "buffer-shims": {
      "version": "1.0.0",
      "resolved": "https://registry.npmjs.org/buffer-shims/-/buffer-shims-1.0.0.tgz",
      "integrity": "sha1-mXjOMXOIxkmth5MCjDR37wRKi1E="
    },
    "bytes": {
      "version": "3.0.0",
      "resolved": "https://registry.npmjs.org/bytes/-/bytes-3.0.0.tgz",
      "integrity": "sha1-0ygVQE1olpn4Wk6k+odV3ROpYEg="
    },
    "cheerio": {
      "version": "1.0.0-rc.2",
      "resolved": "https://registry.npmjs.org/cheerio/-/cheerio-1.0.0-rc.2.tgz",
      "integrity": "sha1-S59TqBsn5NXawxwP/Qz6A8xoMNs=",
      "requires": {
        "css-select": "~1.2.0",
        "dom-serializer": "~0.1.0",
        "entities": "~1.1.1",
        "htmlparser2": "^3.9.1",
        "lodash": "^4.15.0",
        "parse5": "^3.0.1"
      }
    },
    "co": {
      "version": "4.6.0",
      "resolved": "https://registry.npmjs.org/co/-/co-4.6.0.tgz",
      "integrity": "sha1-bqa989hTrlTMuOR7+gvz+QMfsYQ="
    },
    "combined-stream": {
      "version": "1.0.6",
      "resolved": "https://registry.npmjs.org/combined-stream/-/combined-stream-1.0.6.tgz",
      "integrity": "sha1-cj599ugBrFYTETp+RFqbactjKBg=",
      "requires": {
        "delayed-stream": "~1.0.0"
      }
    },
    "component-emitter": {
      "version": "1.2.1",
      "resolved": "https://registry.npmjs.org/component-emitter/-/component-emitter-1.2.1.tgz",
      "integrity": "sha1-E3kY1teCg/ffemt8WmPhQOaUJeY="
    },
    "content-disposition": {
      "version": "0.5.2",
      "resolved": "https://registry.npmjs.org/content-disposition/-/content-disposition-0.5.2.tgz",
      "integrity": "sha1-DPaLud318r55YcOoUXjLhdunjLQ="
    },
    "content-type": {
      "version": "1.0.4",
      "resolved": "https://registry.npmjs.org/content-type/-/content-type-1.0.4.tgz",
      "integrity": "sha512-hIP3EEPs8tB9AT1L+NUqtwOAps4mk2Zob89MWXMHjHWg9milF/j4osnnQLXBCBFBk/tvIG/tUc9mOUJiPBhPXA=="
    },
    "cookiejar": {
      "version": "2.1.2",
      "resolved": "https://registry.npmjs.org/cookiejar/-/cookiejar-2.1.2.tgz",
      "integrity": "sha512-Mw+adcfzPxcPeI+0WlvRrr/3lGVO0bD75SxX6811cxSh1Wbxx7xZBGK1eVtDf6si8rg2lhnUjsVLMFMfbRIuwA=="
    },
    "cookies": {
      "version": "0.7.1",
      "resolved": "https://registry.npmjs.org/cookies/-/cookies-0.7.1.tgz",
      "integrity": "sha1-fIphX1SBxhq58WyDNzG8uPZjuZs=",
      "requires": {
        "depd": "~1.1.1",
        "keygrip": "~1.0.2"
      }
    },
    "core-util-is": {
      "version": "1.0.2",
      "resolved": "https://registry.npmjs.org/core-util-is/-/core-util-is-1.0.2.tgz",
      "integrity": "sha1-tf1UIgqivFq1eqtxQMlAdUUDwac="
    },
    "crc": {
      "version": "3.5.0",
      "resolved": "https://registry.npmjs.org/crc/-/crc-3.5.0.tgz",
      "integrity": "sha1-mLi6fUiWZbo5efWbITgTdBAaGWQ="
    },
    "cron-parser": {
      "version": "2.5.0",
      "resolved": "https://registry.npmjs.org/cron-parser/-/cron-parser-2.5.0.tgz",
      "integrity": "sha512-gzmXu16/prizIbKPPKJo+WgBpV7k8Rxxu9FgaANW+vx5DebCXavfRqbROjKkr9ETvVPqs+IO+NXj4GG/eLf8zQ==",
      "requires": {
        "is-nan": "^1.2.1",
        "moment-timezone": "^0.5.0"
      }
    },
    "css-select": {
      "version": "1.2.0",
      "resolved": "https://registry.npmjs.org/css-select/-/css-select-1.2.0.tgz",
      "integrity": "sha1-KzoRBTnFNV8c2NMUYj6HCxIeyFg=",
      "requires": {
        "boolbase": "~1.0.0",
        "css-what": "2.1",
        "domutils": "1.5.1",
        "nth-check": "~1.0.1"
      }
    },
    "css-what": {
      "version": "2.1.0",
      "resolved": "https://registry.npmjs.org/css-what/-/css-what-2.1.0.tgz",
      "integrity": "sha1-lGfQMsOM+u+58teVASUwYvh/ob0="
    },
    "data-uri-to-buffer": {
      "version": "1.2.0",
      "resolved": "https://registry.npmjs.org/data-uri-to-buffer/-/data-uri-to-buffer-1.2.0.tgz",
      "integrity": "sha512-vKQ9DTQPN1FLYiiEEOQ6IBGFqvjCa5rSK3cWMy/Nespm5d/x3dGFT9UBZnkLxCwua/IXBi2TYnwTEpsOvhC4UQ=="
    },
    "debug": {
      "version": "3.1.0",
      "resolved": "https://registry.npmjs.org/debug/-/debug-3.1.0.tgz",
      "integrity": "sha512-OX8XqP7/1a9cqkxYw2yXss15f26NKWBpDXQd0/uK/KPqdQhxbPa994hnzjcE2VqQpDslf55723cKPUOGSmMY3g==",
      "requires": {
        "ms": "2.0.0"
      }
    },
    "deep-equal": {
      "version": "1.0.1",
      "resolved": "https://registry.npmjs.org/deep-equal/-/deep-equal-1.0.1.tgz",
      "integrity": "sha1-9dJgKStmDghO/0zbyfCK0yR0SLU="
    },
    "deep-is": {
      "version": "0.1.3",
      "resolved": "https://registry.npmjs.org/deep-is/-/deep-is-0.1.3.tgz",
      "integrity": "sha1-s2nW+128E+7PUk+RsHD+7cNXzzQ="
    },
    "define-properties": {
      "version": "1.1.2",
      "resolved": "https://registry.npmjs.org/define-properties/-/define-properties-1.1.2.tgz",
      "integrity": "sha1-g6c/L+pWmJj7c3GTyPhzyvbUXJQ=",
      "requires": {
        "foreach": "^2.0.5",
        "object-keys": "^1.0.8"
      }
    },
    "degenerator": {
      "version": "1.0.4",
      "resolved": "https://registry.npmjs.org/degenerator/-/degenerator-1.0.4.tgz",
      "integrity": "sha1-/PSQo37OJmRk2cxDGrmMWBnO0JU=",
      "requires": {
        "ast-types": "0.x.x",
        "escodegen": "1.x.x",
        "esprima": "3.x.x"
      }
    },
    "delayed-stream": {
      "version": "1.0.0",
      "resolved": "https://registry.npmjs.org/delayed-stream/-/delayed-stream-1.0.0.tgz",
      "integrity": "sha1-3zrhmayt+31ECqrgsp4icrJOxhk="
    },
    "delegates": {
      "version": "1.0.0",
      "resolved": "https://registry.npmjs.org/delegates/-/delegates-1.0.0.tgz",
      "integrity": "sha1-hMbhWbgZBP3KWaDvRM2HDTElD5o="
    },
    "depd": {
      "version": "1.1.2",
      "resolved": "https://registry.npmjs.org/depd/-/depd-1.1.2.tgz",
      "integrity": "sha1-m81S4UwJd2PnSbJ0xDRu0uVgtak="
    },
    "destroy": {
      "version": "1.0.4",
      "resolved": "https://registry.npmjs.org/destroy/-/destroy-1.0.4.tgz",
      "integrity": "sha1-l4hXRCxEdJ5CBmE+N5RiBYJqvYA="
    },
    "dom-serializer": {
      "version": "0.1.0",
      "resolved": "https://registry.npmjs.org/dom-serializer/-/dom-serializer-0.1.0.tgz",
      "integrity": "sha1-BzxpdUbOB4DOI75KKOKT5AvDDII=",
      "requires": {
        "domelementtype": "~1.1.1",
        "entities": "~1.1.1"
      },
      "dependencies": {
        "domelementtype": {
          "version": "1.1.3",
          "resolved": "https://registry.npmjs.org/domelementtype/-/domelementtype-1.1.3.tgz",
          "integrity": "sha1-vSh3PiZCiBrsUVRJJCmcXNgiGFs="
        }
      }
    },
    "domelementtype": {
      "version": "1.3.0",
      "resolved": "https://registry.npmjs.org/domelementtype/-/domelementtype-1.3.0.tgz",
      "integrity": "sha1-sXrtguirWeUt2cGbF1bg/BhyBMI="
    },
    "domhandler": {
      "version": "2.4.2",
      "resolved": "https://registry.npmjs.org/domhandler/-/domhandler-2.4.2.tgz",
      "integrity": "sha512-JiK04h0Ht5u/80fdLMCEmV4zkNh2BcoMFBmZ/91WtYZ8qVXSKjiw7fXMgFPnHcSZgOo3XdinHvmnDUeMf5R4wA==",
      "requires": {
        "domelementtype": "1"
      }
    },
    "domutils": {
      "version": "1.5.1",
      "resolved": "https://registry.npmjs.org/domutils/-/domutils-1.5.1.tgz",
      "integrity": "sha1-3NhIiib1Y9YQeeSMn3t+Mjc2gs8=",
      "requires": {
        "dom-serializer": "0",
        "domelementtype": "1"
      }
    },
    "ee-first": {
      "version": "1.1.1",
      "resolved": "https://registry.npmjs.org/ee-first/-/ee-first-1.1.1.tgz",
      "integrity": "sha1-WQxhFWsK4vTwJVcyoViyZrxWsh0="
    },
    "entities": {
      "version": "1.1.1",
      "resolved": "https://registry.npmjs.org/entities/-/entities-1.1.1.tgz",
      "integrity": "sha1-blwtClYhtdra7O+AuQ7ftc13cvA="
    },
    "error-inject": {
      "version": "1.0.0",
      "resolved": "https://registry.npmjs.org/error-inject/-/error-inject-1.0.0.tgz",
      "integrity": "sha1-4rPZG1Su1nLzCdlQ0VSFD6EdTzc="
    },
    "es6-promise": {
      "version": "3.2.1",
      "resolved": "https://registry.npmjs.org/es6-promise/-/es6-promise-3.2.1.tgz",
      "integrity": "sha1-7FYjOGgDKQkgcXDDlEjiREndH8Q="
    },
    "es6-promisify": {
      "version": "5.0.0",
      "resolved": "https://registry.npmjs.org/es6-promisify/-/es6-promisify-5.0.0.tgz",
      "integrity": "sha1-UQnWLz5W6pZ8S2NQWu8IKRyKUgM=",
      "requires": {
        "es6-promise": "^4.0.3"
      },
      "dependencies": {
        "es6-promise": {
          "version": "4.2.4",
          "resolved": "https://registry.npmjs.org/es6-promise/-/es6-promise-4.2.4.tgz",
          "integrity": "sha512-/NdNZVJg+uZgtm9eS3O6lrOLYmQag2DjdEXuPaHlZ6RuVqgqaVZfgYCepEIKsLqwdQArOPtC3XzRLqGGfT8KQQ=="
        }
      }
    },
    "escape-html": {
      "version": "1.0.3",
      "resolved": "https://registry.npmjs.org/escape-html/-/escape-html-1.0.3.tgz",
      "integrity": "sha1-Aljq5NPQwJdN4cFpGI7wBR0dGYg="
    },
    "escodegen": {
      "version": "1.10.0",
      "resolved": "https://registry.npmjs.org/escodegen/-/escodegen-1.10.0.tgz",
      "integrity": "sha512-fjUOf8johsv23WuIKdNQU4P9t9jhQ4Qzx6pC2uW890OloK3Zs1ZAoCNpg/2larNF501jLl3UNy0kIRcF6VI22g==",
      "requires": {
        "esprima": "^3.1.3",
        "estraverse": "^4.2.0",
        "esutils": "^2.0.2",
        "optionator": "^0.8.1",
        "source-map": "~0.6.1"
      }
    },
    "esprima": {
      "version": "3.1.3",
      "resolved": "https://registry.npmjs.org/esprima/-/esprima-3.1.3.tgz",
      "integrity": "sha1-/cpRzuYTOJXjyI1TXOSdv/YqRjM="
    },
    "estraverse": {
      "version": "4.2.0",
      "resolved": "https://registry.npmjs.org/estraverse/-/estraverse-4.2.0.tgz",
      "integrity": "sha1-De4/7TH81GlhjOc0IJn8GvoL2xM="
    },
    "esutils": {
      "version": "2.0.2",
      "resolved": "https://registry.npmjs.org/esutils/-/esutils-2.0.2.tgz",
      "integrity": "sha1-Cr9PHKpbyx96nYrMbepPqqBLrJs="
    },
    "extend": {
      "version": "3.0.1",
      "resolved": "https://registry.npmjs.org/extend/-/extend-3.0.1.tgz",
      "integrity": "sha1-p1Xqe8Gt/MWjHOfnYtuq3F5jZEQ="
    },
    "fast-levenshtein": {
      "version": "2.0.6",
      "resolved": "https://registry.npmjs.org/fast-levenshtein/-/fast-levenshtein-2.0.6.tgz",
      "integrity": "sha1-PYpcZog6FqMMqGQ+hR8Zuqd5eRc="
    },
    "file-uri-to-path": {
      "version": "1.0.0",
      "resolved": "https://registry.npmjs.org/file-uri-to-path/-/file-uri-to-path-1.0.0.tgz",
      "integrity": "sha512-0Zt+s3L7Vf1biwWZ29aARiVYLx7iMGnEUl9x33fbB/j3jR81u/O2LbqK+Bm1CDSNDKVtJ/YjwY7TUd5SkeLQLw=="
    },
    "follow-redirects": {
      "version": "1.5.5",
      "resolved": "http://registry.npm.taobao.org/follow-redirects/download/follow-redirects-1.5.5.tgz",
      "integrity": "sha1-PBQ8pZmi4i5ih2aH1osj1VuteIs=",
      "requires": {
        "debug": "^3.1.0"
      }
    },
    "foreach": {
      "version": "2.0.5",
      "resolved": "https://registry.npmjs.org/foreach/-/foreach-2.0.5.tgz",
      "integrity": "sha1-C+4AUBiusmDQo6865ljdATbsG5k="
    },
    "form-data": {
      "version": "2.3.2",
      "resolved": "https://registry.npmjs.org/form-data/-/form-data-2.3.2.tgz",
      "integrity": "sha1-SXBJi+YEwgwAXU9cI67NIda0kJk=",
      "requires": {
        "asynckit": "^0.4.0",
        "combined-stream": "1.0.6",
        "mime-types": "^2.1.12"
      }
    },
    "fresh": {
      "version": "0.5.2",
      "resolved": "https://registry.npmjs.org/fresh/-/fresh-0.5.2.tgz",
      "integrity": "sha1-PYyt2Q2XZWn6g1qx+OSyOhBWBac="
    },
    "ftp": {
      "version": "0.3.10",
      "resolved": "https://registry.npmjs.org/ftp/-/ftp-0.3.10.tgz",
      "integrity": "sha1-kZfYYa2BQvPmPVqDv+TFn3MwiF0=",
      "requires": {
        "readable-stream": "1.1.x",
        "xregexp": "2.0.0"
      },
      "dependencies": {
        "isarray": {
          "version": "0.0.1",
          "resolved": "https://registry.npmjs.org/isarray/-/isarray-0.0.1.tgz",
          "integrity": "sha1-ihis/Kmo9Bd+Cav8YDiTmwXR7t8="
        },
        "readable-stream": {
          "version": "1.1.14",
          "resolved": "https://registry.npmjs.org/readable-stream/-/readable-stream-1.1.14.tgz",
          "integrity": "sha1-fPTFTvZI44EwhMY23SB54WbAgdk=",
          "requires": {
            "core-util-is": "~1.0.0",
            "inherits": "~2.0.1",
            "isarray": "0.0.1",
            "string_decoder": "~0.10.x"
          }
        },
        "string_decoder": {
          "version": "0.10.31",
          "resolved": "https://registry.npmjs.org/string_decoder/-/string_decoder-0.10.31.tgz",
          "integrity": "sha1-YuIDvEF2bGwoyfyEMB2rHFMQ+pQ="
        }
      }
    },
    "get-uri": {
      "version": "2.0.2",
      "resolved": "https://registry.npmjs.org/get-uri/-/get-uri-2.0.2.tgz",
      "integrity": "sha512-ZD325dMZOgerGqF/rF6vZXyFGTAay62svjQIT+X/oU2PtxYpFxvSkbsdi+oxIrsNxlZVd4y8wUDqkaExWTI/Cw==",
      "requires": {
        "data-uri-to-buffer": "1",
        "debug": "2",
        "extend": "3",
        "file-uri-to-path": "1",
        "ftp": "~0.3.10",
        "readable-stream": "2"
      },
      "dependencies": {
        "debug": {
          "version": "2.6.9",
          "resolved": "https://registry.npmjs.org/debug/-/debug-2.6.9.tgz",
          "integrity": "sha512-bC7ElrdJaJnPbAP+1EotYvqZsb3ecl5wi6Bfi6BJTUcNowp6cvspg0jXznRTKDjm/E7AdgFBVeAPVMNcKGsHMA==",
          "requires": {
            "ms": "2.0.0"
          }
        }
      }
    },
    "htmlparser2": {
      "version": "3.9.2",
      "resolved": "https://registry.npmjs.org/htmlparser2/-/htmlparser2-3.9.2.tgz",
      "integrity": "sha1-G9+HrMoPP55T+k/M6w9LTLsAszg=",
      "requires": {
        "domelementtype": "^1.3.0",
        "domhandler": "^2.3.0",
        "domutils": "^1.5.1",
        "entities": "^1.1.1",
        "inherits": "^2.0.1",
        "readable-stream": "^2.0.2"
      }
    },
    "http-assert": {
      "version": "1.3.0",
      "resolved": "https://registry.npmjs.org/http-assert/-/http-assert-1.3.0.tgz",
      "integrity": "sha1-oxpc+IyHPsu1eWkH1NbxMujAHko=",
      "requires": {
        "deep-equal": "~1.0.1",
        "http-errors": "~1.6.1"
      }
    },
    "http-errors": {
      "version": "1.6.3",
      "resolved": "https://registry.npmjs.org/http-errors/-/http-errors-1.6.3.tgz",
      "integrity": "sha1-i1VoC7S+KDoLW/TqLjhYC+HZMg0=",
      "requires": {
        "depd": "~1.1.2",
        "inherits": "2.0.3",
        "setprototypeof": "1.1.0",
        "statuses": ">= 1.4.0 < 2"
      }
    },
    "http-proxy-agent": {
      "version": "2.1.0",
      "resolved": "https://registry.npmjs.org/http-proxy-agent/-/http-proxy-agent-2.1.0.tgz",
      "integrity": "sha512-qwHbBLV7WviBl0rQsOzH6o5lwyOIvwp/BdFnvVxXORldu5TmjFfjzBcWUWS5kWAZhmv+JtiDhSuQCp4sBfbIgg==",
      "requires": {
        "agent-base": "4",
        "debug": "3.1.0"
      }
    },
    "https-proxy-agent": {
      "version": "2.2.1",
      "resolved": "https://registry.npmjs.org/https-proxy-agent/-/https-proxy-agent-2.2.1.tgz",
      "integrity": "sha512-HPCTS1LW51bcyMYbxUIOO4HEOlQ1/1qRaFWcyxvwaqUS9TY88aoEuHUY33kuAh1YhVVaDQhLZsnPd+XNARWZlQ==",
      "requires": {
        "agent-base": "^4.1.0",
        "debug": "^3.1.0"
      }
    },
    "iconv-lite": {
      "version": "0.4.23",
      "resolved": "https://registry.npmjs.org/iconv-lite/-/iconv-lite-0.4.23.tgz",
      "integrity": "sha512-neyTUVFtahjf0mB3dZT77u+8O0QB89jFdnBkd5P1JgYPbPaia3gXXOVL2fq8VyU2gMMD7SaN7QukTB/pmXYvDA==",
      "requires": {
        "safer-buffer": ">= 2.1.2 < 3"
      }
    },
    "inherits": {
      "version": "2.0.3",
      "resolved": "https://registry.npmjs.org/inherits/-/inherits-2.0.3.tgz",
      "integrity": "sha1-Yzwsg+PaQqUC9SRmAiSA9CCCYd4="
    },
    "ip": {
      "version": "1.1.5",
      "resolved": "https://registry.npmjs.org/ip/-/ip-1.1.5.tgz",
      "integrity": "sha1-vd7XARQpCCjAoDnnLvJfWq7ENUo="
    },
    "is-buffer": {
      "version": "1.1.6",
      "resolved": "http://registry.npm.taobao.org/is-buffer/download/is-buffer-1.1.6.tgz",
      "integrity": "sha1-76ouqdqg16suoTqXsritUf776L4="
    },
    "is-class": {
      "version": "0.0.5",
      "resolved": "https://registry.npmjs.org/is-class/-/is-class-0.0.5.tgz",
      "integrity": "sha512-jOquneoRNrqbpDgh4hKicrMcGIl7jopvIJaWI+LyDVRzZrQy819qBaYSofOyUMTo/x5Jelvs8G5v/ptdySWy6A=="
    },
    "is-generator-function": {
      "version": "1.0.7",
      "resolved": "https://registry.npmjs.org/is-generator-function/-/is-generator-function-1.0.7.tgz",
      "integrity": "sha512-YZc5EwyO4f2kWCax7oegfuSr9mFz1ZvieNYBEjmukLxgXfBUbxAWGVF7GZf0zidYtoBl3WvC07YK0wT76a+Rtw=="
    },
    "is-nan": {
      "version": "1.2.1",
      "resolved": "https://registry.npmjs.org/is-nan/-/is-nan-1.2.1.tgz",
      "integrity": "sha1-n69ltvttskt/XAYoR16nH5iEAeI=",
      "requires": {
        "define-properties": "^1.1.1"
      }
    },
    "is-type-of": {
      "version": "1.2.0",
      "resolved": "https://registry.npmjs.org/is-type-of/-/is-type-of-1.2.0.tgz",
      "integrity": "sha512-10ezBXuEDp3Fp/jPCaVd4hSrAEj2lPyr1LT7+cWi9HCLd15wbh9X8dJfTDB+ZgkZSCGTG2TF6f61ugI5mSlhDA==",
      "requires": {
        "core-util-is": "^1.0.2",
        "is-class": "~0.0.4",
        "isstream": "~0.1.2"
      }
    },
    "isarray": {
      "version": "1.0.0",
      "resolved": "https://registry.npmjs.org/isarray/-/isarray-1.0.0.tgz",
      "integrity": "sha1-u5NdSFgsuhaMBoNJV6VKPgcSTxE="
    },
    "isstream": {
      "version": "0.1.2",
      "resolved": "https://registry.npmjs.org/isstream/-/isstream-0.1.2.tgz",
      "integrity": "sha1-R+Y/evVa+m+S4VAOaQ64uFKcCZo="
    },
    "keygrip": {
      "version": "1.0.2",
      "resolved": "https://registry.npmjs.org/keygrip/-/keygrip-1.0.2.tgz",
      "integrity": "sha1-rTKXxVcGneqLz+ek+kkbdcXd65E="
    },
    "koa": {
      "version": "2.5.1",
      "resolved": "https://registry.npmjs.org/koa/-/koa-2.5.1.tgz",
      "integrity": "sha512-cchwbMeG2dv3E2xTAmheDAuvR53tPgJZN/Hf1h7bTzJLSPcFZp8/t5+bNKJ6GaQZoydhZQ+1GNruhKdj3lIrug==",
      "requires": {
        "accepts": "^1.2.2",
        "content-disposition": "~0.5.0",
        "content-type": "^1.0.0",
        "cookies": "~0.7.0",
        "debug": "*",
        "delegates": "^1.0.0",
        "depd": "^1.1.0",
        "destroy": "^1.0.3",
        "error-inject": "~1.0.0",
        "escape-html": "~1.0.1",
        "fresh": "^0.5.2",
        "http-assert": "^1.1.0",
        "http-errors": "^1.2.8",
        "is-generator-function": "^1.0.3",
        "koa-compose": "^4.0.0",
        "koa-convert": "^1.2.0",
        "koa-is-json": "^1.0.0",
        "mime-types": "^2.0.7",
        "on-finished": "^2.1.0",
        "only": "0.0.2",
        "parseurl": "^1.3.0",
        "statuses": "^1.2.0",
        "type-is": "^1.5.5",
        "vary": "^1.0.0"
      }
    },
    "koa-compose": {
      "version": "4.1.0",
      "resolved": "https://registry.npmjs.org/koa-compose/-/koa-compose-4.1.0.tgz",
      "integrity": "sha512-8ODW8TrDuMYvXRwra/Kh7/rJo9BtOfPc6qO8eAfC80CnCvSjSl0bkRM24X6/XBBEyj0v1nRUQ1LyOy3dbqOWXw=="
    },
    "koa-convert": {
      "version": "1.2.0",
      "resolved": "https://registry.npmjs.org/koa-convert/-/koa-convert-1.2.0.tgz",
      "integrity": "sha1-2kCHXfSd4FOQmNFwC1CCDOvNIdA=",
      "requires": {
        "co": "^4.6.0",
        "koa-compose": "^3.0.0"
      },
      "dependencies": {
        "koa-compose": {
          "version": "3.2.1",
          "resolved": "https://registry.npmjs.org/koa-compose/-/koa-compose-3.2.1.tgz",
          "integrity": "sha1-qFzLQLfZhtjlo0Wzoazo6rz1Tec=",
          "requires": {
            "any-promise": "^1.1.0"
          }
        }
      }
    },
    "koa-is-json": {
      "version": "1.0.0",
      "resolved": "https://registry.npmjs.org/koa-is-json/-/koa-is-json-1.0.0.tgz",
      "integrity": "sha1-JzwH7c3Ljfaiwat9We52SRRR7BQ="
    },
    "koa-send": {
      "version": "4.1.3",
      "resolved": "https://registry.npmjs.org/koa-send/-/koa-send-4.1.3.tgz",
      "integrity": "sha512-3UetMBdaXSiw24qM2Mx5mKmxLKw5ZTPRjACjfhK6Haca55RKm9hr/uHDrkrxhSl5/S1CKI/RivZVIopiatZuTA==",
      "requires": {
        "debug": "^2.6.3",
        "http-errors": "^1.6.1",
        "mz": "^2.6.0",
        "resolve-path": "^1.4.0"
      },
      "dependencies": {
        "debug": {
          "version": "2.6.9",
          "resolved": "https://registry.npmjs.org/debug/-/debug-2.6.9.tgz",
          "integrity": "sha512-bC7ElrdJaJnPbAP+1EotYvqZsb3ecl5wi6Bfi6BJTUcNowp6cvspg0jXznRTKDjm/E7AdgFBVeAPVMNcKGsHMA==",
          "requires": {
            "ms": "2.0.0"
          }
        }
      }
    },
    "koa-session": {
      "version": "5.8.1",
      "resolved": "https://registry.npmjs.org/koa-session/-/koa-session-5.8.1.tgz",
      "integrity": "sha512-S60gS2xTDcw1PRcwdWT8Nono/MOWuAoC3bMBsvyuEBeq6g5CAOcG+bcIwwxxpCQ95B7O7weNNZpeS4oAq7Qtkg==",
      "requires": {
        "crc": "^3.4.4",
        "debug": "^2.2.0",
        "is-type-of": "^1.0.0",
        "pedding": "^1.1.0",
        "uid-safe": "^2.1.3"
      },
      "dependencies": {
        "debug": {
          "version": "2.6.9",
          "resolved": "https://registry.npmjs.org/debug/-/debug-2.6.9.tgz",
          "integrity": "sha512-bC7ElrdJaJnPbAP+1EotYvqZsb3ecl5wi6Bfi6BJTUcNowp6cvspg0jXznRTKDjm/E7AdgFBVeAPVMNcKGsHMA==",
          "requires": {
            "ms": "2.0.0"
          }
        }
      }
    },
    "koa-static": {
      "version": "4.0.3",
      "resolved": "https://registry.npmjs.org/koa-static/-/koa-static-4.0.3.tgz",
      "integrity": "sha512-JGmxTuPWy4bH7bt6gD/OMWkhprawvRmzJSr8TWKmTL4N7+IMv3s0SedeQi5S4ilxM9Bo6ptkCyXj/7wf+VS5tg==",
      "requires": {
        "debug": "^3.1.0",
        "koa-send": "^4.1.3"
      }
    },
    "levn": {
      "version": "0.3.0",
      "resolved": "https://registry.npmjs.org/levn/-/levn-0.3.0.tgz",
      "integrity": "sha1-OwmSTt+fCDwEkP3UwLxEIeBHZO4=",
      "requires": {
        "prelude-ls": "~1.1.2",
        "type-check": "~0.3.2"
      }
    },
    "lodash": {
      "version": "4.17.10",
      "resolved": "https://registry.npmjs.org/lodash/-/lodash-4.17.10.tgz",
      "integrity": "sha512-UejweD1pDoXu+AD825lWwp4ZGtSwgnpZxb3JDViD7StjQz+Nb/6l093lx4OQ0foGWNRoc19mWy7BzL+UAK2iVg=="
    },
    "long-timeout": {
      "version": "0.1.1",
      "resolved": "https://registry.npmjs.org/long-timeout/-/long-timeout-0.1.1.tgz",
      "integrity": "sha1-lyHXiLR+C8taJMLivuGg2lXatRQ="
    },
    "lru-cache": {
      "version": "4.1.3",
      "resolved": "https://registry.npmjs.org/lru-cache/-/lru-cache-4.1.3.tgz",
      "integrity": "sha512-fFEhvcgzuIoJVUF8fYr5KR0YqxD238zgObTps31YdADwPPAp82a4M8TrckkWyx7ekNlf9aBcVn81cFwwXngrJA==",
      "requires": {
        "pseudomap": "^1.0.2",
        "yallist": "^2.1.2"
      }
    },
    "media-typer": {
      "version": "0.3.0",
      "resolved": "https://registry.npmjs.org/media-typer/-/media-typer-0.3.0.tgz",
      "integrity": "sha1-hxDXrwqmJvj/+hzgAWhUUmMlV0g="
    },
    "methods": {
      "version": "1.1.2",
      "resolved": "https://registry.npmjs.org/methods/-/methods-1.1.2.tgz",
      "integrity": "sha1-VSmk1nZUE07cxSZmVoNbD4Ua/O4="
    },
    "mime": {
      "version": "1.6.0",
      "resolved": "https://registry.npmjs.org/mime/-/mime-1.6.0.tgz",
      "integrity": "sha512-x0Vn8spI+wuJ1O6S7gnbaQg8Pxh4NNHb7KSINmEWKiPE4RKOplvijn+NkmYmmRgP68mc70j2EbeTFRsrswaQeg=="
    },
    "mime-db": {
      "version": "1.33.0",
      "resolved": "https://registry.npmjs.org/mime-db/-/mime-db-1.33.0.tgz",
      "integrity": "sha512-BHJ/EKruNIqJf/QahvxwQZXKygOQ256myeN/Ew+THcAa5q+PjyTTMMeNQC4DZw5AwfvelsUrA6B67NKMqXDbzQ=="
    },
    "mime-types": {
      "version": "2.1.18",
      "resolved": "https://registry.npmjs.org/mime-types/-/mime-types-2.1.18.tgz",
      "integrity": "sha512-lc/aahn+t4/SWV/qcmumYjymLsWfN3ELhpmVuUFjgsORruuZPVSwAQryq+HHGvO/SI2KVX26bx+En+zhM8g8hQ==",
      "requires": {
        "mime-db": "~1.33.0"
      }
    },
    "moment": {
      "version": "2.22.2",
      "resolved": "https://registry.npmjs.org/moment/-/moment-2.22.2.tgz",
      "integrity": "sha1-PCV/mDn8DpP/UxSWMiOeuQeD/2Y="
    },
    "moment-timezone": {
      "version": "0.5.21",
      "resolved": "https://registry.npmjs.org/moment-timezone/-/moment-timezone-0.5.21.tgz",
      "integrity": "sha512-j96bAh4otsgj3lKydm3K7kdtA3iKf2m6MY2iSYCzCm5a1zmHo1g+aK3068dDEeocLZQIS9kU8bsdQHLqEvgW0A==",
      "requires": {
        "moment": ">= 2.9.0"
      }
    },
    "mongodb": {
      "version": "2.2.35",
      "resolved": "https://registry.npmjs.org/mongodb/-/mongodb-2.2.35.tgz",
      "integrity": "sha512-3HGLucDg/8EeYMin3k+nFWChTA85hcYDCw1lPsWR6yV9A6RgKb24BkLiZ9ySZR+S0nfBjWoIUS7cyV6ceGx5Gg==",
      "requires": {
        "es6-promise": "3.2.1",
        "mongodb-core": "2.1.19",
        "readable-stream": "2.2.7"
      },
      "dependencies": {
        "process-nextick-args": {
          "version": "1.0.7",
          "resolved": "https://registry.npmjs.org/process-nextick-args/-/process-nextick-args-1.0.7.tgz",
          "integrity": "sha1-FQ4gt1ZZCtP5EJPyWk8q2L/zC6M="
        },
        "readable-stream": {
          "version": "2.2.7",
          "resolved": "https://registry.npmjs.org/readable-stream/-/readable-stream-2.2.7.tgz",
          "integrity": "sha1-BwV6y+JGeyIELTb5jFrVBwVOlbE=",
          "requires": {
            "buffer-shims": "~1.0.0",
            "core-util-is": "~1.0.0",
            "inherits": "~2.0.1",
            "isarray": "~1.0.0",
            "process-nextick-args": "~1.0.6",
            "string_decoder": "~1.0.0",
            "util-deprecate": "~1.0.1"
          }
        },
        "string_decoder": {
          "version": "1.0.3",
          "resolved": "https://registry.npmjs.org/string_decoder/-/string_decoder-1.0.3.tgz",
          "integrity": "sha512-4AH6Z5fzNNBcH+6XDMfA/BTt87skxqJlO0lAh3Dker5zThcAxG6mKz+iGu308UKoPPQ8Dcqx/4JhujzltRa+hQ==",
          "requires": {
            "safe-buffer": "~5.1.0"
          }
        }
      }
    },
    "mongodb-core": {
      "version": "2.1.19",
      "resolved": "https://registry.npmjs.org/mongodb-core/-/mongodb-core-2.1.19.tgz",
      "integrity": "sha512-Jt4AtWUkpuW03kRdYGxga4O65O1UHlFfvvInslEfLlGi+zDMxbBe3J2NVmN9qPJ957Mn6Iz0UpMtV80cmxCVxw==",
      "requires": {
        "bson": "~1.0.4",
        "require_optional": "~1.0.0"
      }
    },
    "monk": {
      "version": "6.0.6",
      "resolved": "https://registry.npmjs.org/monk/-/monk-6.0.6.tgz",
      "integrity": "sha512-bSuADQGwIxBcRzCzQaMoGmiGl30Dr+0iB1FQAQb3VwWwAKbtpDN2wkVHCjthzw/jXhPHWxTQFUtlSt/nSagojQ==",
      "requires": {
        "debug": "*",
        "mongodb": "^2.1.18",
        "monk-middleware-cast-ids": "^0.2.1",
        "monk-middleware-fields": "^0.2.0",
        "monk-middleware-handle-callback": "^0.2.0",
        "monk-middleware-options": "^0.2.1",
        "monk-middleware-query": "^0.2.0",
        "monk-middleware-wait-for-connection": "^0.2.0",
        "object-assign": "^4.1.1"
      }
    },
    "monk-middleware-cast-ids": {
      "version": "0.2.1",
      "resolved": "https://registry.npmjs.org/monk-middleware-cast-ids/-/monk-middleware-cast-ids-0.2.1.tgz",
      "integrity": "sha1-QMQOWmyzPM7cKJIglDJ17ohhxSk="
    },
    "monk-middleware-fields": {
      "version": "0.2.0",
      "resolved": "https://registry.npmjs.org/monk-middleware-fields/-/monk-middleware-fields-0.2.0.tgz",
      "integrity": "sha1-/2N6819ZSIecyyvhWpE2CRG+psE="
    },
    "monk-middleware-handle-callback": {
      "version": "0.2.2",
      "resolved": "https://registry.npmjs.org/monk-middleware-handle-callback/-/monk-middleware-handle-callback-0.2.2.tgz",
      "integrity": "sha512-5hBynb7asZ2uw9XVze7C3XH0zXT51yFDvYydk/5HnWWzh2NLglDSiKDcX0yLKPHzFgiq+5Z4Laq5fFVnFsmm8w=="
    },
    "monk-middleware-options": {
      "version": "0.2.1",
      "resolved": "https://registry.npmjs.org/monk-middleware-options/-/monk-middleware-options-0.2.1.tgz",
      "integrity": "sha1-WNrhxRjUZjbr3/UG+t/Hc7tEKIY="
    },
    "monk-middleware-query": {
      "version": "0.2.0",
      "resolved": "https://registry.npmjs.org/monk-middleware-query/-/monk-middleware-query-0.2.0.tgz",
      "integrity": "sha1-qSbGd9SlYgxiFRsKVtDAwVFnWHQ="
    },
    "monk-middleware-wait-for-connection": {
      "version": "0.2.0",
      "resolved": "https://registry.npmjs.org/monk-middleware-wait-for-connection/-/monk-middleware-wait-for-connection-0.2.0.tgz",
      "integrity": "sha1-MSlY0w5Yi1fQl1TdfJe0hDMWg1o="
    },
    "ms": {
      "version": "2.0.0",
      "resolved": "https://registry.npmjs.org/ms/-/ms-2.0.0.tgz",
      "integrity": "sha1-VgiurfwAvmwpAd9fmGF4jeDVl8g="
    },
    "mz": {
      "version": "2.7.0",
      "resolved": "https://registry.npmjs.org/mz/-/mz-2.7.0.tgz",
      "integrity": "sha512-z81GNO7nnYMEhrGh9LeymoE4+Yr0Wn5McHIZMK5cfQCl+NDX08sCZgUc9/6MHni9IWuFLm1Z3HTCXu2z9fN62Q==",
      "requires": {
        "any-promise": "^1.0.0",
        "object-assign": "^4.0.1",
        "thenify-all": "^1.0.0"
      }
    },
    "negotiator": {
      "version": "0.6.1",
      "resolved": "https://registry.npmjs.org/negotiator/-/negotiator-0.6.1.tgz",
      "integrity": "sha1-KzJxhOiZIQEXeyhWP7XnECrNDKk="
    },
    "netmask": {
      "version": "1.0.6",
      "resolved": "https://registry.npmjs.org/netmask/-/netmask-1.0.6.tgz",
      "integrity": "sha1-ICl+idhvb2QA8lDZ9Pa0wZRfzTU="
    },
    "node-schedule": {
      "version": "1.3.0",
      "resolved": "https://registry.npmjs.org/node-schedule/-/node-schedule-1.3.0.tgz",
      "integrity": "sha512-NNwO9SUPjBwFmPh3vXiPVEhJLn4uqYmZYvJV358SRGM06BR4UoIqxJpeJwDDXB6atULsgQA97MfD1zMd5xsu+A==",
      "requires": {
        "cron-parser": "^2.4.0",
        "long-timeout": "0.1.1",
        "sorted-array-functions": "^1.0.0"
      }
    },
    "nth-check": {
      "version": "1.0.1",
      "resolved": "https://registry.npmjs.org/nth-check/-/nth-check-1.0.1.tgz",
      "integrity": "sha1-mSms32KPwsQQmN6rgqxYDPFJquQ=",
      "requires": {
        "boolbase": "~1.0.0"
      }
    },
    "object-assign": {
      "version": "4.1.1",
      "resolved": "https://registry.npmjs.org/object-assign/-/object-assign-4.1.1.tgz",
      "integrity": "sha1-IQmtx5ZYh8/AXLvUQsrIv7s2CGM="
    },
    "object-keys": {
      "version": "1.0.12",
      "resolved": "https://registry.npmjs.org/object-keys/-/object-keys-1.0.12.tgz",
      "integrity": "sha512-FTMyFUm2wBcGHnH2eXmz7tC6IwlqQZ6mVZ+6dm6vZ4IQIHjs6FdNsQBuKGPuUUUY6NfJw2PshC08Tn6LzLDOag=="
    },
    "on-finished": {
      "version": "2.3.0",
      "resolved": "https://registry.npmjs.org/on-finished/-/on-finished-2.3.0.tgz",
      "integrity": "sha1-IPEzZIGwg811M3mSoWlxqi2QaUc=",
      "requires": {
        "ee-first": "1.1.1"
      }
    },
    "only": {
      "version": "0.0.2",
      "resolved": "https://registry.npmjs.org/only/-/only-0.0.2.tgz",
      "integrity": "sha1-Kv3oTQPlC5qO3EROMGEKcCle37Q="
    },
    "optionator": {
      "version": "0.8.2",
      "resolved": "https://registry.npmjs.org/optionator/-/optionator-0.8.2.tgz",
      "integrity": "sha1-NkxeQJ0/TWMB1sC0wFu6UBgK62Q=",
      "requires": {
        "deep-is": "~0.1.3",
        "fast-levenshtein": "~2.0.4",
        "levn": "~0.3.0",
        "prelude-ls": "~1.1.2",
        "type-check": "~0.3.2",
        "wordwrap": "~1.0.0"
      }
    },
    "pac-proxy-agent": {
      "version": "2.0.2",
      "resolved": "https://registry.npmjs.org/pac-proxy-agent/-/pac-proxy-agent-2.0.2.tgz",
      "integrity": "sha512-cDNAN1Ehjbf5EHkNY5qnRhGPUCp6SnpyVof5fRzN800QV1Y2OkzbH9rmjZkbBRa8igof903yOnjIl6z0SlAhxA==",
      "requires": {
        "agent-base": "^4.2.0",
        "debug": "^3.1.0",
        "get-uri": "^2.0.0",
        "http-proxy-agent": "^2.1.0",
        "https-proxy-agent": "^2.2.1",
        "pac-resolver": "^3.0.0",
        "raw-body": "^2.2.0",
        "socks-proxy-agent": "^3.0.0"
      }
    },
    "pac-resolver": {
      "version": "3.0.0",
      "resolved": "https://registry.npmjs.org/pac-resolver/-/pac-resolver-3.0.0.tgz",
      "integrity": "sha512-tcc38bsjuE3XZ5+4vP96OfhOugrX+JcnpUbhfuc4LuXBLQhoTthOstZeoQJBDnQUDYzYmdImKsbz0xSl1/9qeA==",
      "requires": {
        "co": "^4.6.0",
        "degenerator": "^1.0.4",
        "ip": "^1.1.5",
        "netmask": "^1.0.6",
        "thunkify": "^2.1.2"
      }
    },
    "parse5": {
      "version": "3.0.3",
      "resolved": "https://registry.npmjs.org/parse5/-/parse5-3.0.3.tgz",
      "integrity": "sha512-rgO9Zg5LLLkfJF9E6CCmXlSE4UVceloys8JrFqCcHloC3usd/kJCyPDwH2SOlzix2j3xaP9sUX3e8+kvkuleAA==",
      "requires": {
        "@types/node": "*"
      }
    },
    "parseurl": {
      "version": "1.3.2",
      "resolved": "https://registry.npmjs.org/parseurl/-/parseurl-1.3.2.tgz",
      "integrity": "sha1-/CidTtiZMRlGDBViUyYs3I3mW/M="
    },
    "path-is-absolute": {
      "version": "1.0.1",
      "resolved": "https://registry.npmjs.org/path-is-absolute/-/path-is-absolute-1.0.1.tgz",
      "integrity": "sha1-F0uSaHNVNP+8es5r9TpanhtcX18="
    },
    "pedding": {
      "version": "1.1.0",
      "resolved": "https://registry.npmjs.org/pedding/-/pedding-1.1.0.tgz",
      "integrity": "sha1-97E4wojUvVhOraEhX1vZJPHh5mc="
    },
    "prelude-ls": {
      "version": "1.1.2",
      "resolved": "https://registry.npmjs.org/prelude-ls/-/prelude-ls-1.1.2.tgz",
      "integrity": "sha1-IZMqVJ9eUv/ZqCf1cOBL5iqX2lQ="
    },
    "process-nextick-args": {
      "version": "2.0.0",
      "resolved": "https://registry.npmjs.org/process-nextick-args/-/process-nextick-args-2.0.0.tgz",
      "integrity": "sha512-MtEC1TqN0EU5nephaJ4rAtThHtC86dNN9qCuEhtshvpVBkAW5ZO7BASN9REnF9eoXGcRub+pFuKEpOHE+HbEMw=="
    },
    "proxy-agent": {
      "version": "2.3.1",
      "resolved": "https://registry.npmjs.org/proxy-agent/-/proxy-agent-2.3.1.tgz",
      "integrity": "sha512-CNKuhC1jVtm8KJYFTS2ZRO71VCBx3QSA92So/e6NrY6GoJonkx3Irnk4047EsCcswczwqAekRj3s8qLRGahSKg==",
      "requires": {
        "agent-base": "^4.2.0",
        "debug": "^3.1.0",
        "http-proxy-agent": "^2.1.0",
        "https-proxy-agent": "^2.2.1",
        "lru-cache": "^4.1.2",
        "pac-proxy-agent": "^2.0.1",
        "proxy-from-env": "^1.0.0",
        "socks-proxy-agent": "^3.0.0"
      }
    },
    "proxy-from-env": {
      "version": "1.0.0",
      "resolved": "https://registry.npmjs.org/proxy-from-env/-/proxy-from-env-1.0.0.tgz",
      "integrity": "sha1-M8UDmPcOp+uW0h97gXYwpVeRx+4="
    },
    "pseudomap": {
      "version": "1.0.2",
      "resolved": "https://registry.npmjs.org/pseudomap/-/pseudomap-1.0.2.tgz",
      "integrity": "sha1-8FKijacOYYkX7wqKw0wa5aaChrM="
    },
    "qs": {
      "version": "6.5.2",
      "resolved": "https://registry.npmjs.org/qs/-/qs-6.5.2.tgz",
      "integrity": "sha512-N5ZAX4/LxJmF+7wN74pUD6qAh9/wnvdQcjq9TZjevvXzSUo7bfmw91saqMjzGS2xq91/odN2dW/WOl7qQHNDGA=="
    },
    "random-bytes": {
      "version": "1.0.0",
      "resolved": "https://registry.npmjs.org/random-bytes/-/random-bytes-1.0.0.tgz",
      "integrity": "sha1-T2ih3Arli9P7lYSMMDJNt11kNgs="
    },
    "raw-body": {
      "version": "2.3.3",
      "resolved": "https://registry.npmjs.org/raw-body/-/raw-body-2.3.3.tgz",
      "integrity": "sha512-9esiElv1BrZoI3rCDuOuKCBRbuApGGaDPQfjSflGxdy4oyzqghxu6klEkkVIvBje+FF0BX9coEv8KqW6X/7njw==",
      "requires": {
        "bytes": "3.0.0",
        "http-errors": "1.6.3",
        "iconv-lite": "0.4.23",
        "unpipe": "1.0.0"
      }
    },
    "readable-stream": {
      "version": "2.3.6",
      "resolved": "https://registry.npmjs.org/readable-stream/-/readable-stream-2.3.6.tgz",
      "integrity": "sha512-tQtKA9WIAhBF3+VLAseyMqZeBjW0AHJoxOtYqSUZNJxauErmLbVm2FW1y+J/YA9dUrAC39ITejlZWhVIwawkKw==",
      "requires": {
        "core-util-is": "~1.0.0",
        "inherits": "~2.0.3",
        "isarray": "~1.0.0",
        "process-nextick-args": "~2.0.0",
        "safe-buffer": "~5.1.1",
        "string_decoder": "~1.1.1",
        "util-deprecate": "~1.0.1"
      }
    },
    "require_optional": {
      "version": "1.0.1",
      "resolved": "https://registry.npmjs.org/require_optional/-/require_optional-1.0.1.tgz",
      "integrity": "sha512-qhM/y57enGWHAe3v/NcwML6a3/vfESLe/sGM2dII+gEO0BpKRUkWZow/tyloNqJyN6kXSl3RyyM8Ll5D/sJP8g==",
      "requires": {
        "resolve-from": "^2.0.0",
        "semver": "^5.1.0"
      }
    },
    "resolve-from": {
      "version": "2.0.0",
      "resolved": "https://registry.npmjs.org/resolve-from/-/resolve-from-2.0.0.tgz",
      "integrity": "sha1-lICrIOlP+h2egKgEx+oUdhGWa1c="
    },
    "resolve-path": {
      "version": "1.4.0",
      "resolved": "https://registry.npmjs.org/resolve-path/-/resolve-path-1.4.0.tgz",
      "integrity": "sha1-xL2p9e+y/OZSR4c6s2u02DT+Fvc=",
      "requires": {
        "http-errors": "~1.6.2",
        "path-is-absolute": "1.0.1"
      }
    },
    "safe-buffer": {
      "version": "5.1.2",
      "resolved": "https://registry.npmjs.org/safe-buffer/-/safe-buffer-5.1.2.tgz",
      "integrity": "sha512-Gd2UZBJDkXlY7GbJxfsE8/nvKkUEU1G38c1siN6QP6a9PT9MmHB8GnpscSmMJSoF8LOIrt8ud/wPtojys4G6+g=="
    },
    "safer-buffer": {
      "version": "2.1.2",
      "resolved": "https://registry.npmjs.org/safer-buffer/-/safer-buffer-2.1.2.tgz",
      "integrity": "sha512-YZo3K82SD7Riyi0E1EQPojLz7kpepnSQI9IyPbHHg1XXXevb5dJI7tpyN2ADxGcQbHG7vcyRHk0cbwqcQriUtg=="
    },
    "semver": {
      "version": "5.5.0",
      "resolved": "https://registry.npmjs.org/semver/-/semver-5.5.0.tgz",
      "integrity": "sha512-4SJ3dm0WAwWy/NVeioZh5AntkdJoWKxHxcmyP622fOkgHa4z3R0TdBJICINyaSDE6uNwVc8gZr+ZinwZAH4xIA=="
    },
    "setprototypeof": {
      "version": "1.1.0",
      "resolved": "https://registry.npmjs.org/setprototypeof/-/setprototypeof-1.1.0.tgz",
      "integrity": "sha512-BvE/TwpZX4FXExxOxZyRGQQv651MSwmWKZGqvmPcRIjDqWub67kTKuIMx43cZZrS/cBBzwBcNDWoFxt2XEFIpQ=="
    },
    "smart-buffer": {
      "version": "1.1.15",
      "resolved": "https://registry.npmjs.org/smart-buffer/-/smart-buffer-1.1.15.tgz",
      "integrity": "sha1-fxFLW2X6s+KjWqd1uxLw0cZJvxY="
    },
    "socks": {
      "version": "1.1.10",
      "resolved": "https://registry.npmjs.org/socks/-/socks-1.1.10.tgz",
      "integrity": "sha1-W4t/x8jzQcU+0FbpKbe/Tei6e1o=",
      "requires": {
        "ip": "^1.1.4",
        "smart-buffer": "^1.0.13"
      }
    },
    "socks-proxy-agent": {
      "version": "3.0.1",
      "resolved": "https://registry.npmjs.org/socks-proxy-agent/-/socks-proxy-agent-3.0.1.tgz",
      "integrity": "sha512-ZwEDymm204mTzvdqyUqOdovVr2YRd2NYskrYrF2LXyZ9qDiMAoFESGK8CRphiO7rtbo2Y757k2Nia3x2hGtalA==",
      "requires": {
        "agent-base": "^4.1.0",
        "socks": "^1.1.10"
      }
    },
    "sorted-array-functions": {
      "version": "1.2.0",
      "resolved": "https://registry.npmjs.org/sorted-array-functions/-/sorted-array-functions-1.2.0.tgz",
      "integrity": "sha512-sWpjPhIZJtqO77GN+LD8dDsDKcWZ9GCOJNqKzi1tvtjGIzwfoyuRH8S0psunmc6Z5P+qfDqztSbwYR5X/e1UTg=="
    },
    "source-map": {
      "version": "0.6.1",
      "resolved": "https://registry.npmjs.org/source-map/-/source-map-0.6.1.tgz",
      "integrity": "sha512-UjgapumWlbMhkBgzT7Ykc5YXUT46F0iKu8SGXq0bcwP5dz/h0Plj6enJqjz1Zbq2l5WaqYnrVbwWOWMyF3F47g==",
      "optional": true
    },
    "statuses": {
      "version": "1.5.0",
      "resolved": "https://registry.npmjs.org/statuses/-/statuses-1.5.0.tgz",
      "integrity": "sha1-Fhx9rBd2Wf2YEfQ3cfqZOBR4Yow="
    },
    "string_decoder": {
      "version": "1.1.1",
      "resolved": "https://registry.npmjs.org/string_decoder/-/string_decoder-1.1.1.tgz",
      "integrity": "sha512-n/ShnvDi6FHbbVfviro+WojiFzv+s8MPMHBczVePfUpDJLwoLT0ht1l4YwBCbi8pJAveEEdnkHyPyTP/mzRfwg==",
      "requires": {
        "safe-buffer": "~5.1.0"
      }
    },
    "superagent": {
      "version": "3.8.3",
      "resolved": "https://registry.npmjs.org/superagent/-/superagent-3.8.3.tgz",
      "integrity": "sha512-GLQtLMCoEIK4eDv6OGtkOoSMt3D+oq0y3dsxMuYuDvaNUvuT8eFBuLmfR0iYYzHC1e8hpzC6ZsxbuP6DIalMFA==",
      "requires": {
        "component-emitter": "^1.2.0",
        "cookiejar": "^2.1.0",
        "debug": "^3.1.0",
        "extend": "^3.0.0",
        "form-data": "^2.3.1",
        "formidable": "^1.2.0",
        "methods": "^1.1.1",
        "mime": "^1.4.1",
        "qs": "^6.5.1",
        "readable-stream": "^2.3.5"
      },
      "dependencies": {
        "extend": {
          "version": "3.0.1",
          "resolved": "https://registry.npmjs.org/extend/-/extend-3.0.1.tgz",
          "integrity": "sha1-p1Xqe8Gt/MWjHOfnYtuq3F5jZEQ="
        },
        "formidable": {
          "version": "1.2.1",
          "resolved": "https://registry.npmjs.org/formidable/-/formidable-1.2.1.tgz",
          "integrity": "sha512-Fs9VRguL0gqGHkXS5GQiMCr1VhZBxz0JnJs4JmMp/2jL18Fmbzvv7vOFRU+U8TBkHEE/CX1qDXzJplVULgsLeg=="
        }
      }
    },
    "superagent-charset": {
      "version": "1.2.0",
      "resolved": "https://registry.npmjs.org/superagent-charset/-/superagent-charset-1.2.0.tgz",
      "integrity": "sha1-nuulqSdfbxzT1rE4YflEY/PDo0g=",
      "requires": {
        "iconv-lite": "^0.4.16"
      }
    },
    "superagent-proxy": {
      "version": "1.0.3",
      "resolved": "https://registry.npmjs.org/superagent-proxy/-/superagent-proxy-1.0.3.tgz",
      "integrity": "sha512-79Ujg1lRL2ICfuHUdX+H2MjIw73kB7bXsIkxLwHURz3j0XUmEEEoJ+u/wq+mKwna21Uejsm2cGR3OESA00TIjA==",
      "requires": {
        "debug": "^3.1.0",
        "proxy-agent": "2"
      }
    },
    "thenify": {
      "version": "3.3.0",
      "resolved": "https://registry.npmjs.org/thenify/-/thenify-3.3.0.tgz",
      "integrity": "sha1-5p44obq+lpsBCCB5eLn2K4hgSDk=",
      "requires": {
        "any-promise": "^1.0.0"
      }
    },
    "thenify-all": {
      "version": "1.6.0",
      "resolved": "https://registry.npmjs.org/thenify-all/-/thenify-all-1.6.0.tgz",
      "integrity": "sha1-GhkY1ALY/D+Y+/I02wvMjMEOlyY=",
      "requires": {
        "thenify": ">= 3.1.0 < 4"
      }
    },
    "thunkify": {
      "version": "2.1.2",
      "resolved": "https://registry.npmjs.org/thunkify/-/thunkify-2.1.2.tgz",
      "integrity": "sha1-+qDp0jDFGsyVyhOjYawFyn4EVT0="
    },
    "type-check": {
      "version": "0.3.2",
      "resolved": "https://registry.npmjs.org/type-check/-/type-check-0.3.2.tgz",
      "integrity": "sha1-WITKtRLPHTVeP7eE8wgEsrUg23I=",
      "requires": {
        "prelude-ls": "~1.1.2"
      }
    },
    "type-is": {
      "version": "1.6.16",
      "resolved": "https://registry.npmjs.org/type-is/-/type-is-1.6.16.tgz",
      "integrity": "sha512-HRkVv/5qY2G6I8iab9cI7v1bOIdhm94dVjQCPFElW9W+3GeDOSHmy2EBYe4VTApuzolPcmgFTN3ftVJRKR2J9Q==",
      "requires": {
        "media-typer": "0.3.0",
        "mime-types": "~2.1.18"
      }
    },
    "uid-safe": {
      "version": "2.1.5",
      "resolved": "https://registry.npmjs.org/uid-safe/-/uid-safe-2.1.5.tgz",
      "integrity": "sha512-KPHm4VL5dDXKz01UuEd88Df+KzynaohSL9fBh096KWAxSKZQDI2uBrVqtvRM4rwrIrRRKsdLNML/lnaaVSRioA==",
      "requires": {
        "random-bytes": "~1.0.0"
      }
    },
    "unpipe": {
      "version": "1.0.0",
      "resolved": "https://registry.npmjs.org/unpipe/-/unpipe-1.0.0.tgz",
      "integrity": "sha1-sr9O6FFKrmFltIF4KdIbLvSZBOw="
    },
    "util-deprecate": {
      "version": "1.0.2",
      "resolved": "https://registry.npmjs.org/util-deprecate/-/util-deprecate-1.0.2.tgz",
      "integrity": "sha1-RQ1Nyfpw3nMnYvvS1KKJgUGaDM8="
    },
    "vary": {
      "version": "1.1.2",
      "resolved": "https://registry.npmjs.org/vary/-/vary-1.1.2.tgz",
      "integrity": "sha1-IpnwLG3tMNSllhsLn3RSShj2NPw="
    },
    "wordwrap": {
      "version": "1.0.0",
      "resolved": "https://registry.npmjs.org/wordwrap/-/wordwrap-1.0.0.tgz",
      "integrity": "sha1-J1hIEIkUVqQXHI0CJkQa3pDLyus="
    },
    "xregexp": {
      "version": "2.0.0",
      "resolved": "https://registry.npmjs.org/xregexp/-/xregexp-2.0.0.tgz",
      "integrity": "sha1-UqY+VsoLhKfzpfPWGHLxJq16WUM="
    },
    "yallist": {
      "version": "2.1.2",
      "resolved": "https://registry.npmjs.org/yallist/-/yallist-2.1.2.tgz",
      "integrity": "sha1-HBH5IY8HYImkfdUS+TxmmaaoHVI="
    }
  }
}
